
Microsoft Visual Studio Solution File, Format Version 12.00
# Visual Studio Version 17
VisualStudioVersion = 17.0.31903.59
MinimumVisualStudioVersion = 10.0.40219.1
Project("{2150E333-8FDC-42A3-9474-1A3956D46DE8}") = "Solution Items", "Solution Items", "{DD61C6B9-6602-4986-9CB8-3399094A154E}"
	ProjectSection(SolutionItems) = preProject
		.editorconfig = .editorconfig
		docs\demo-01.gif = docs\demo-01.gif
		docs\IMG_8222.jpg = docs\IMG_8222.jpg
		docs\IMG_8223.jpg = docs\IMG_8223.jpg
		docs\IMG_8224.jpg = docs\IMG_8224.jpg
		README.md = README.md
	EndProjectSection
EndProject
Project("{FAE04EC0-301F-11D3-BF4B-00C04F79EFBC}") = "GiftExchange.Library", "src\GiftExchange.Library\GiftExchange.Library.csproj", "{AFA3E0B4-D720-40EF-A9F8-1E41C8142599}"
EndProject
Project("{FAE04EC0-301F-11D3-BF4B-00C04F79EFBC}") = "GiftExchange.Library.Tests", "src\GiftExchange.Library.Tests\GiftExchange.Library.Tests.csproj", "{FEA5B930-BE86-40D5-B37A-C9325C3D5A72}"
EndProject
Global
	GlobalSection(SolutionConfigurationPlatforms) = preSolution
		Debug|Any CPU = Debug|Any CPU
		Release|Any CPU = Release|Any CPU
	EndGlobalSection
	GlobalSection(ProjectConfigurationPlatforms) = postSolution
		{AFA3E0B4-D720-40EF-A9F8-1E41C8142599}.Debug|Any CPU.ActiveCfg = Debug|Any CPU
		{AFA3E0B4-D720-40EF-A9F8-1E41C8142599}.Debug|Any CPU.Build.0 = Debug|Any CPU
		{AFA3E0B4-D720-40EF-A9F8-1E41C8142599}.Release|Any CPU.ActiveCfg = Release|Any CPU
		{AFA3E0B4-D720-40EF-A9F8-1E41C8142599}.Release|Any CPU.Build.0 = Release|Any CPU
		{FEA5B930-BE86-40D5-B37A-C9325C3D5A72}.Debug|Any CPU.ActiveCfg = Debug|Any CPU
		{FEA5B930-BE86-40D5-B37A-C9325C3D5A72}.Debug|Any CPU.Build.0 = Debug|Any CPU
		{FEA5B930-BE86-40D5-B37A-C9325C3D5A72}.Release|Any CPU.ActiveCfg = Release|Any CPU
		{FEA5B930-BE86-40D5-B37A-C9325C3D5A72}.Release|Any CPU.Build.0 = Release|Any CPU
	EndGlobalSection
	GlobalSection(SolutionProperties) = preSolution
		HideSolutionNode = FALSE
	EndGlobalSection
	GlobalSection(ExtensibilityGlobals) = postSolution
		SolutionGuid = {8A9D82C9-F3FD-4027-B36B-EFA0A724CE17}
	EndGlobalSection
EndGlobal
